
Microsoft Visual Studio Solution File, Format Version 12.00
# Visual Studio 14
VisualStudioVersion = 14.0.25420.1
MinimumVisualStudioVersion = 10.0.40219.1
Project("{2150E333-8FDC-42A3-9474-1A3956D46DE8}") = "src", "src", "{F9BFD650-5853-426B-8AB1-B4B2084F484D}"
EndProject
Project("{2150E333-8FDC-42A3-9474-1A3956D46DE8}") = "Solution Items", "Solution Items", "{6152EF3A-902A-4BED-B367-4A4C1C71207E}"
	ProjectSection(SolutionItems) = preProject
		global.json = global.json
	EndProjectSection
EndProject
Project("{8BB2217D-0F2D-49D1-97BC-3654ED321F3B}") = "TestMono", "src\TestMono\TestMono.xproj", "{0AA69B3C-AB10-4250-B654-16E05984DBD5}"
EndProject
Global
	GlobalSection(SolutionConfigurationPlatforms) = preSolution
		Debug|Any CPU = Debug|Any CPU
		Release|Any CPU = Release|Any CPU
	EndGlobalSection
	GlobalSection(ProjectConfigurationPlatforms) = postSolution
		{0AA69B3C-AB10-4250-B654-16E05984DBD5}.Debug|Any CPU.ActiveCfg = Debug|Any CPU
		{0AA69B3C-AB10-4250-B654-16E05984DBD5}.Debug|Any CPU.Build.0 = Debug|Any CPU
		{0AA69B3C-AB10-4250-B654-16E05984DBD5}.Release|Any CPU.ActiveCfg = Release|Any CPU
		{0AA69B3C-AB10-4250-B654-16E05984DBD5}.Release|Any CPU.Build.0 = Release|Any CPU
	EndGlobalSection
	GlobalSection(SolutionProperties) = preSolution
		HideSolutionNode = FALSE
	EndGlobalSection
	GlobalSection(NestedProjects) = preSolution
		{0AA69B3C-AB10-4250-B654-16E05984DBD5} = {F9BFD650-5853-426B-8AB1-B4B2084F484D}
	EndGlobalSection
EndGlobal
